// !$*UTF8*$!
{
	archiveVersion = 1;
	classes = {
	};
	objectVersion = 50;
	objects = {

/* Begin PBXBuildFile section */
		5B779191030CF58CC652D28B /* Pods_HHTestTaskTests.framework in Frameworks */ = {isa = PBXBuildFile; fileRef = E57370178FD66AE783D3F3AC /* Pods_HHTestTaskTests.framework */; };
		9476B8D121EDC443009D7BE7 /* HTTPNetworking.swift in Sources */ = {isa = PBXBuildFile; fileRef = 9476B8D021EDC443009D7BE7 /* HTTPNetworking.swift */; };
		9494108D21EDC04B00FA6D2B /* AppDelegate.swift in Sources */ = {isa = PBXBuildFile; fileRef = 9494108C21EDC04B00FA6D2B /* AppDelegate.swift */; };
		9494108F21EDC04B00FA6D2B /* ViewController.swift in Sources */ = {isa = PBXBuildFile; fileRef = 9494108E21EDC04B00FA6D2B /* ViewController.swift */; };
		9494109221EDC04B00FA6D2B /* Main.storyboard in Resources */ = {isa = PBXBuildFile; fileRef = 9494109021EDC04B00FA6D2B /* Main.storyboard */; };
		9494109421EDC04C00FA6D2B /* Assets.xcassets in Resources */ = {isa = PBXBuildFile; fileRef = 9494109321EDC04C00FA6D2B /* Assets.xcassets */; };
		9494109721EDC04C00FA6D2B /* LaunchScreen.storyboard in Resources */ = {isa = PBXBuildFile; fileRef = 9494109521EDC04C00FA6D2B /* LaunchScreen.storyboard */; };
		949410A221EDC04C00FA6D2B /* HHTestTaskTests.swift in Sources */ = {isa = PBXBuildFile; fileRef = 949410A121EDC04C00FA6D2B /* HHTestTaskTests.swift */; };
		EDC13BE4F9D5D9A8FC38A9DC /* Pods_HHTestTask.framework in Frameworks */ = {isa = PBXBuildFile; fileRef = 5E099D660FA549D9097054FA /* Pods_HHTestTask.framework */; };
/* End PBXBuildFile section */

/* Begin PBXContainerItemProxy section */
		9494109E21EDC04C00FA6D2B /* PBXContainerItemProxy */ = {
			isa = PBXContainerItemProxy;
			containerPortal = 9494108121EDC04B00FA6D2B /* Project object */;
			proxyType = 1;
			remoteGlobalIDString = 9494108821EDC04B00FA6D2B;
			remoteInfo = HHTestTask;
		};
/* End PBXContainerItemProxy section */

/* Begin PBXFileReference section */
		10282E18C1D36FD717DF2296 /* Pods-HHTestTaskTests.debug.xcconfig */ = {isa = PBXFileReference; includeInIndex = 1; lastKnownFileType = text.xcconfig; name = "Pods-HHTestTaskTests.debug.xcconfig"; path = "Pods/Target Support Files/Pods-HHTestTaskTests/Pods-HHTestTaskTests.debug.xcconfig"; sourceTree = "<group>"; };
		49CB860BCBCF9DCBC51A98B0 /* Pods-HHTestTask.release.xcconfig */ = {isa = PBXFileReference; includeInIndex = 1; lastKnownFileType = text.xcconfig; name = "Pods-HHTestTask.release.xcconfig"; path = "Pods/Target Support Files/Pods-HHTestTask/Pods-HHTestTask.release.xcconfig"; sourceTree = "<group>"; };
		4A462F565F738E9529C7EB2D /* Pods-HHTestTask.debug.xcconfig */ = {isa = PBXFileReference; includeInIndex = 1; lastKnownFileType = text.xcconfig; name = "Pods-HHTestTask.debug.xcconfig"; path = "Pods/Target Support Files/Pods-HHTestTask/Pods-HHTestTask.debug.xcconfig"; sourceTree = "<group>"; };
		5E099D660FA549D9097054FA /* Pods_HHTestTask.framework */ = {isa = PBXFileReference; explicitFileType = wrapper.framework; includeInIndex = 0; path = Pods_HHTestTask.framework; sourceTree = BUILT_PRODUCTS_DIR; };
		9476B8D021EDC443009D7BE7 /* HTTPNetworking.swift */ = {isa = PBXFileReference; fileEncoding = 4; lastKnownFileType = sourcecode.swift; path = HTTPNetworking.swift; sourceTree = "<group>"; };
		9494108921EDC04B00FA6D2B /* HHTestTask.app */ = {isa = PBXFileReference; explicitFileType = wrapper.application; includeInIndex = 0; path = HHTestTask.app; sourceTree = BUILT_PRODUCTS_DIR; };
		9494108C21EDC04B00FA6D2B /* AppDelegate.swift */ = {isa = PBXFileReference; lastKnownFileType = sourcecode.swift; path = AppDelegate.swift; sourceTree = "<group>"; };
		9494108E21EDC04B00FA6D2B /* ViewController.swift */ = {isa = PBXFileReference; lastKnownFileType = sourcecode.swift; path = ViewController.swift; sourceTree = "<group>"; };
		9494109121EDC04B00FA6D2B /* Base */ = {isa = PBXFileReference; lastKnownFileType = file.storyboard; name = Base; path = Base.lproj/Main.storyboard; sourceTree = "<group>"; };
		9494109321EDC04C00FA6D2B /* Assets.xcassets */ = {isa = PBXFileReference; lastKnownFileType = folder.assetcatalog; path = Assets.xcassets; sourceTree = "<group>"; };
		9494109621EDC04C00FA6D2B /* Base */ = {isa = PBXFileReference; lastKnownFileType = file.storyboard; name = Base; path = Base.lproj/LaunchScreen.storyboard; sourceTree = "<group>"; };
		9494109821EDC04C00FA6D2B /* Info.plist */ = {isa = PBXFileReference; lastKnownFileType = text.plist.xml; path = Info.plist; sourceTree = "<group>"; };
		9494109D21EDC04C00FA6D2B /* HHTestTaskTests.xctest */ = {isa = PBXFileReference; explicitFileType = wrapper.cfbundle; includeInIndex = 0; path = HHTestTaskTests.xctest; sourceTree = BUILT_PRODUCTS_DIR; };
		949410A121EDC04C00FA6D2B /* HHTestTaskTests.swift */ = {isa = PBXFileReference; lastKnownFileType = sourcecode.swift; path = HHTestTaskTests.swift; sourceTree = "<group>"; };
		949410A321EDC04C00FA6D2B /* Info.plist */ = {isa = PBXFileReference; lastKnownFileType = text.plist.xml; path = Info.plist; sourceTree = "<group>"; };
		9E44AB0C0F6AC4A9BC2D3018 /* Pods-HHTestTaskTests.release.xcconfig */ = {isa = PBXFileReference; includeInIndex = 1; lastKnownFileType = text.xcconfig; name = "Pods-HHTestTaskTests.release.xcconfig"; path = "Pods/Target Support Files/Pods-HHTestTaskTests/Pods-HHTestTaskTests.release.xcconfig"; sourceTree = "<group>"; };
		E57370178FD66AE783D3F3AC /* Pods_HHTestTaskTests.framework */ = {isa = PBXFileReference; explicitFileType = wrapper.framework; includeInIndex = 0; path = Pods_HHTestTaskTests.framework; sourceTree = BUILT_PRODUCTS_DIR; };
/* End PBXFileReference section */

/* Begin PBXFrameworksBuildPhase section */
		9494108621EDC04B00FA6D2B /* Frameworks */ = {
			isa = PBXFrameworksBuildPhase;
			buildActionMask = 2147483647;
			files = (
				EDC13BE4F9D5D9A8FC38A9DC /* Pods_HHTestTask.framework in Frameworks */,
			);
			runOnlyForDeploymentPostprocessing = 0;
		};
		9494109A21EDC04C00FA6D2B /* Frameworks */ = {
			isa = PBXFrameworksBuildPhase;
			buildActionMask = 2147483647;
			files = (
				5B779191030CF58CC652D28B /* Pods_HHTestTaskTests.framework in Frameworks */,
			);
			runOnlyForDeploymentPostprocessing = 0;
		};
/* End PBXFrameworksBuildPhase section */

/* Begin PBXGroup section */
		232526B9EE673A85196B3EFE /* Frameworks */ = {
			isa = PBXGroup;
			children = (
				5E099D660FA549D9097054FA /* Pods_HHTestTask.framework */,
				E57370178FD66AE783D3F3AC /* Pods_HHTestTaskTests.framework */,
			);
			name = Frameworks;
			sourceTree = "<group>";
		};
		9476B8C921EDC2E5009D7BE7 /* App */ = {
			isa = PBXGroup;
			children = (
				9476B8CF21EDC381009D7BE7 /* Flows */,
				9476B8CA21EDC2F2009D7BE7 /* BussinessLogic */,
				9494108C21EDC04B00FA6D2B /* AppDelegate.swift */,
			);
			path = App;
			sourceTree = "<group>";
		};
		9476B8CA21EDC2F2009D7BE7 /* BussinessLogic */ = {
			isa = PBXGroup;
			children = (
			);
			path = BussinessLogic;
			sourceTree = "<group>";
		};
		9476B8CB21EDC2FF009D7BE7 /* Core */ = {
			isa = PBXGroup;
			children = (
				9476B8CC21EDC307009D7BE7 /* Network */,
			);
			path = Core;
			sourceTree = "<group>";
		};
		9476B8CC21EDC307009D7BE7 /* Network */ = {
			isa = PBXGroup;
			children = (
				9476B8D021EDC443009D7BE7 /* HTTPNetworking.swift */,
			);
			path = Network;
			sourceTree = "<group>";
		};
		9476B8CD21EDC310009D7BE7 /* Environment */ = {
			isa = PBXGroup;
			children = (
				9494109521EDC04C00FA6D2B /* LaunchScreen.storyboard */,
				9494109821EDC04C00FA6D2B /* Info.plist */,
			);
			path = Environment;
			sourceTree = "<group>";
		};
		9476B8CE21EDC33E009D7BE7 /* Resources */ = {
			isa = PBXGroup;
			children = (
				9494109321EDC04C00FA6D2B /* Assets.xcassets */,
			);
			path = Resources;
			sourceTree = "<group>";
		};
		9476B8CF21EDC381009D7BE7 /* Flows */ = {
			isa = PBXGroup;
			children = (
				9494108E21EDC04B00FA6D2B /* ViewController.swift */,
				9494109021EDC04B00FA6D2B /* Main.storyboard */,
			);
			path = Flows;
			sourceTree = "<group>";
		};
		9494108021EDC04B00FA6D2B = {
			isa = PBXGroup;
			children = (
				9494108B21EDC04B00FA6D2B /* HHTestTask */,
				949410A021EDC04C00FA6D2B /* HHTestTaskTests */,
				9494108A21EDC04B00FA6D2B /* Products */,
				B7294CAFDB93BB28D77E25AB /* Pods */,
				232526B9EE673A85196B3EFE /* Frameworks */,
			);
			sourceTree = "<group>";
		};
		9494108A21EDC04B00FA6D2B /* Products */ = {
			isa = PBXGroup;
			children = (
				9494108921EDC04B00FA6D2B /* HHTestTask.app */,
				9494109D21EDC04C00FA6D2B /* HHTestTaskTests.xctest */,
			);
			name = Products;
			sourceTree = "<group>";
		};
		9494108B21EDC04B00FA6D2B /* HHTestTask */ = {
			isa = PBXGroup;
			children = (
				9476B8C921EDC2E5009D7BE7 /* App */,
				9476B8CB21EDC2FF009D7BE7 /* Core */,
				9476B8CD21EDC310009D7BE7 /* Environment */,
				9476B8CE21EDC33E009D7BE7 /* Resources */,
			);
			path = HHTestTask;
			sourceTree = "<group>";
		};
		949410A021EDC04C00FA6D2B /* HHTestTaskTests */ = {
			isa = PBXGroup;
			children = (
				949410A121EDC04C00FA6D2B /* HHTestTaskTests.swift */,
				949410A321EDC04C00FA6D2B /* Info.plist */,
			);
			path = HHTestTaskTests;
			sourceTree = "<group>";
		};
		B7294CAFDB93BB28D77E25AB /* Pods */ = {
			isa = PBXGroup;
			children = (
				4A462F565F738E9529C7EB2D /* Pods-HHTestTask.debug.xcconfig */,
				49CB860BCBCF9DCBC51A98B0 /* Pods-HHTestTask.release.xcconfig */,
				10282E18C1D36FD717DF2296 /* Pods-HHTestTaskTests.debug.xcconfig */,
				9E44AB0C0F6AC4A9BC2D3018 /* Pods-HHTestTaskTests.release.xcconfig */,
			);
			name = Pods;
			sourceTree = "<group>";
		};
/* End PBXGroup section */

/* Begin PBXNativeTarget section */
		9494108821EDC04B00FA6D2B /* HHTestTask */ = {
			isa = PBXNativeTarget;
			buildConfigurationList = 949410A621EDC04C00FA6D2B /* Build configuration list for PBXNativeTarget "HHTestTask" */;
			buildPhases = (
				5F7B0C013F65CF1751FD4972 /* [CP] Check Pods Manifest.lock */,
				9494108521EDC04B00FA6D2B /* Sources */,
				9494108621EDC04B00FA6D2B /* Frameworks */,
				9494108721EDC04B00FA6D2B /* Resources */,
				F31B2F05703DCED6F247D167 /* [CP] Embed Pods Frameworks */,
			);
			buildRules = (
			);
			dependencies = (
			);
			name = HHTestTask;
			productName = HHTestTask;
			productReference = 9494108921EDC04B00FA6D2B /* HHTestTask.app */;
			productType = "com.apple.product-type.application";
		};
		9494109C21EDC04C00FA6D2B /* HHTestTaskTests */ = {
			isa = PBXNativeTarget;
			buildConfigurationList = 949410A921EDC04C00FA6D2B /* Build configuration list for PBXNativeTarget "HHTestTaskTests" */;
			buildPhases = (
				31CCABEBDAD6EC2FE6CF4458 /* [CP] Check Pods Manifest.lock */,
				9494109921EDC04C00FA6D2B /* Sources */,
				9494109A21EDC04C00FA6D2B /* Frameworks */,
				9494109B21EDC04C00FA6D2B /* Resources */,
			);
			buildRules = (
			);
			dependencies = (
				9494109F21EDC04C00FA6D2B /* PBXTargetDependency */,
			);
			name = HHTestTaskTests;
			productName = HHTestTaskTests;
			productReference = 9494109D21EDC04C00FA6D2B /* HHTestTaskTests.xctest */;
			productType = "com.apple.product-type.bundle.unit-test";
		};
/* End PBXNativeTarget section */

/* Begin PBXProject section */
		9494108121EDC04B00FA6D2B /* Project object */ = {
			isa = PBXProject;
			attributes = {
				LastSwiftUpdateCheck = 1010;
				LastUpgradeCheck = 1010;
				ORGANIZATIONNAME = "Maxim Tolstikov";
				TargetAttributes = {
					9494108821EDC04B00FA6D2B = {
						CreatedOnToolsVersion = 10.1;
					};
					9494109C21EDC04C00FA6D2B = {
						CreatedOnToolsVersion = 10.1;
						TestTargetID = 9494108821EDC04B00FA6D2B;
					};
				};
			};
			buildConfigurationList = 9494108421EDC04B00FA6D2B /* Build configuration list for PBXProject "HHTestTask" */;
			compatibilityVersion = "Xcode 9.3";
			developmentRegion = en;
			hasScannedForEncodings = 0;
			knownRegions = (
				en,
				Base,
			);
			mainGroup = 9494108021EDC04B00FA6D2B;
			productRefGroup = 9494108A21EDC04B00FA6D2B /* Products */;
			projectDirPath = "";
			projectRoot = "";
			targets = (
				9494108821EDC04B00FA6D2B /* HHTestTask */,
				9494109C21EDC04C00FA6D2B /* HHTestTaskTests */,
			);
		};
/* End PBXProject section */

/* Begin PBXResourcesBuildPhase section */
		9494108721EDC04B00FA6D2B /* Resources */ = {
			isa = PBXResourcesBuildPhase;
			buildActionMask = 2147483647;
			files = (
				9494109721EDC04C00FA6D2B /* LaunchScreen.storyboard in Resources */,
				9494109421EDC04C00FA6D2B /* Assets.xcassets in Resources */,
				9494109221EDC04B00FA6D2B /* Main.storyboard in Resources */,
			);
			runOnlyForDeploymentPostprocessing = 0;
		};
		9494109B21EDC04C00FA6D2B /* Resources */ = {
			isa = PBXResourcesBuildPhase;
			buildActionMask = 2147483647;
			files = (
			);
			runOnlyForDeploymentPostprocessing = 0;
		};
/* End PBXResourcesBuildPhase section */

/* Begin PBXShellScriptBuildPhase section */
		31CCABEBDAD6EC2FE6CF4458 /* [CP] Check Pods Manifest.lock */ = {
			isa = PBXShellScriptBuildPhase;
			buildActionMask = 2147483647;
			files = (
			);
			inputPaths = (
				"${PODS_PODFILE_DIR_PATH}/Podfile.lock",
				"${PODS_ROOT}/Manifest.lock",
			);
			name = "[CP] Check Pods Manifest.lock";
			outputPaths = (
				"$(DERIVED_FILE_DIR)/Pods-HHTestTaskTests-checkManifestLockResult.txt",
			);
			runOnlyForDeploymentPostprocessing = 0;
			shellPath = /bin/sh;
			shellScript = "diff \"${PODS_PODFILE_DIR_PATH}/Podfile.lock\" \"${PODS_ROOT}/Manifest.lock\" > /dev/null\nif [ $? != 0 ] ; then\n    # print error to STDERR\n    echo \"error: The sandbox is not in sync with the Podfile.lock. Run 'pod install' or update your CocoaPods installation.\" >&2\n    exit 1\nfi\n# This output is used by Xcode 'outputs' to avoid re-running this script phase.\necho \"SUCCESS\" > \"${SCRIPT_OUTPUT_FILE_0}\"\n";
			showEnvVarsInLog = 0;
		};
		5F7B0C013F65CF1751FD4972 /* [CP] Check Pods Manifest.lock */ = {
			isa = PBXShellScriptBuildPhase;
			buildActionMask = 2147483647;
			files = (
			);
			inputPaths = (
				"${PODS_PODFILE_DIR_PATH}/Podfile.lock",
				"${PODS_ROOT}/Manifest.lock",
			);
			name = "[CP] Check Pods Manifest.lock";
			outputPaths = (
				"$(DERIVED_FILE_DIR)/Pods-HHTestTask-checkManifestLockResult.txt",
			);
			runOnlyForDeploymentPostprocessing = 0;
			shellPath = /bin/sh;
			shellScript = "diff \"${PODS_PODFILE_DIR_PATH}/Podfile.lock\" \"${PODS_ROOT}/Manifest.lock\" > /dev/null\nif [ $? != 0 ] ; then\n    # print error to STDERR\n    echo \"error: The sandbox is not in sync with the Podfile.lock. Run 'pod install' or update your CocoaPods installation.\" >&2\n    exit 1\nfi\n# This output is used by Xcode 'outputs' to avoid re-running this script phase.\necho \"SUCCESS\" > \"${SCRIPT_OUTPUT_FILE_0}\"\n";
			showEnvVarsInLog = 0;
		};
		F31B2F05703DCED6F247D167 /* [CP] Embed Pods Frameworks */ = {
			isa = PBXShellScriptBuildPhase;
			buildActionMask = 2147483647;
			files = (
			);
			inputPaths = (
				"${SRCROOT}/Pods/Target Support Files/Pods-HHTestTask/Pods-HHTestTask-frameworks.sh",
				"${BUILT_PRODUCTS_DIR}/Alamofire/Alamofire.framework",
				"${BUILT_PRODUCTS_DIR}/Swinject/Swinject.framework",
				"${BUILT_PRODUCTS_DIR}/SwinjectAutoregistration/SwinjectAutoregistration.framework",
				"${BUILT_PRODUCTS_DIR}/SwinjectStoryboard/SwinjectStoryboard.framework",
			);
			name = "[CP] Embed Pods Frameworks";
			outputPaths = (
				"${TARGET_BUILD_DIR}/${FRAMEWORKS_FOLDER_PATH}/Alamofire.framework",
				"${TARGET_BUILD_DIR}/${FRAMEWORKS_FOLDER_PATH}/Swinject.framework",
				"${TARGET_BUILD_DIR}/${FRAMEWORKS_FOLDER_PATH}/SwinjectAutoregistration.framework",
				"${TARGET_BUILD_DIR}/${FRAMEWORKS_FOLDER_PATH}/SwinjectStoryboard.framework",
			);
			runOnlyForDeploymentPostprocessing = 0;
			shellPath = /bin/sh;
			shellScript = "\"${SRCROOT}/Pods/Target Support Files/Pods-HHTestTask/Pods-HHTestTask-frameworks.sh\"\n";
			showEnvVarsInLog = 0;
		};
/* End PBXShellScriptBuildPhase section */

/* Begin PBXSourcesBuildPhase section */
		9494108521EDC04B00FA6D2B /* Sources */ = {
			isa = PBXSourcesBuildPhase;
			buildActionMask = 2147483647;
			files = (
				9494108F21EDC04B00FA6D2B /* ViewController.swift in Sources */,
				9476B8D121EDC443009D7BE7 /* HTTPNetworking.swift in Sources */,
				9494108D21EDC04B00FA6D2B /* AppDelegate.swift in Sources */,
			);
			runOnlyForDeploymentPostprocessing = 0;
		};
		9494109921EDC04C00FA6D2B /* Sources */ = {
			isa = PBXSourcesBuildPhase;
			buildActionMask = 2147483647;
			files = (
				949410A221EDC04C00FA6D2B /* HHTestTaskTests.swift in Sources */,
			);
			runOnlyForDeploymentPostprocessing = 0;
		};
/* End PBXSourcesBuildPhase section */

/* Begin PBXTargetDependency section */
		9494109F21EDC04C00FA6D2B /* PBXTargetDependency */ = {
			isa = PBXTargetDependency;
			target = 9494108821EDC04B00FA6D2B /* HHTestTask */;
			targetProxy = 9494109E21EDC04C00FA6D2B /* PBXContainerItemProxy */;
		};
/* End PBXTargetDependency section */

/* Begin PBXVariantGroup section */
		9494109021EDC04B00FA6D2B /* Main.storyboard */ = {
			isa = PBXVariantGroup;
			children = (
				9494109121EDC04B00FA6D2B /* Base */,
			);
			name = Main.storyboard;
			sourceTree = "<group>";
		};
		9494109521EDC04C00FA6D2B /* LaunchScreen.storyboard */ = {
			isa = PBXVariantGroup;
			children = (
				9494109621EDC04C00FA6D2B /* Base */,
			);
			name = LaunchScreen.storyboard;
			sourceTree = "<group>";
		};
/* End PBXVariantGroup section */

/* Begin XCBuildConfiguration section */
		949410A421EDC04C00FA6D2B /* Debug */ = {
			isa = XCBuildConfiguration;
			buildSettings = {
				ALWAYS_SEARCH_USER_PATHS = NO;
				CLANG_ANALYZER_NONNULL = YES;
				CLANG_ANALYZER_NUMBER_OBJECT_CONVERSION = YES_AGGRESSIVE;
				CLANG_CXX_LANGUAGE_STANDARD = "gnu++14";
				CLANG_CXX_LIBRARY = "libc++";
				CLANG_ENABLE_MODULES = YES;
				CLANG_ENABLE_OBJC_ARC = YES;
				CLANG_ENABLE_OBJC_WEAK = YES;
				CLANG_WARN_BLOCK_CAPTURE_AUTORELEASING = YES;
				CLANG_WARN_BOOL_CONVERSION = YES;
				CLANG_WARN_COMMA = YES;
				CLANG_WARN_CONSTANT_CONVERSION = YES;
				CLANG_WARN_DEPRECATED_OBJC_IMPLEMENTATIONS = YES;
				CLANG_WARN_DIRECT_OBJC_ISA_USAGE = YES_ERROR;
				CLANG_WARN_DOCUMENTATION_COMMENTS = YES;
				CLANG_WARN_EMPTY_BODY = YES;
				CLANG_WARN_ENUM_CONVERSION = YES;
				CLANG_WARN_INFINITE_RECURSION = YES;
				CLANG_WARN_INT_CONVERSION = YES;
				CLANG_WARN_NON_LITERAL_NULL_CONVERSION = YES;
				CLANG_WARN_OBJC_IMPLICIT_RETAIN_SELF = YES;
				CLANG_WARN_OBJC_LITERAL_CONVERSION = YES;
				CLANG_WARN_OBJC_ROOT_CLASS = YES_ERROR;
				CLANG_WARN_RANGE_LOOP_ANALYSIS = YES;
				CLANG_WARN_STRICT_PROTOTYPES = YES;
				CLANG_WARN_SUSPICIOUS_MOVE = YES;
				CLANG_WARN_UNGUARDED_AVAILABILITY = YES_AGGRESSIVE;
				CLANG_WARN_UNREACHABLE_CODE = YES;
				CLANG_WARN__DUPLICATE_METHOD_MATCH = YES;
				CODE_SIGN_IDENTITY = "iPhone Developer";
				COPY_PHASE_STRIP = NO;
				DEBUG_INFORMATION_FORMAT = dwarf;
				ENABLE_STRICT_OBJC_MSGSEND = YES;
				ENABLE_TESTABILITY = YES;
				GCC_C_LANGUAGE_STANDARD = gnu11;
				GCC_DYNAMIC_NO_PIC = NO;
				GCC_NO_COMMON_BLOCKS = YES;
				GCC_OPTIMIZATION_LEVEL = 0;
				GCC_PREPROCESSOR_DEFINITIONS = (
					"DEBUG=1",
					"$(inherited)",
				);
				GCC_WARN_64_TO_32_BIT_CONVERSION = YES;
				GCC_WARN_ABOUT_RETURN_TYPE = YES_ERROR;
				GCC_WARN_UNDECLARED_SELECTOR = YES;
				GCC_WARN_UNINITIALIZED_AUTOS = YES_AGGRESSIVE;
				GCC_WARN_UNUSED_FUNCTION = YES;
				GCC_WARN_UNUSED_VARIABLE = YES;
				IPHONEOS_DEPLOYMENT_TARGET = 12.1;
				MTL_ENABLE_DEBUG_INFO = INCLUDE_SOURCE;
				MTL_FAST_MATH = YES;
				ONLY_ACTIVE_ARCH = YES;
				SDKROOT = iphoneos;
				SWIFT_ACTIVE_COMPILATION_CONDITIONS = DEBUG;
				SWIFT_OPTIMIZATION_LEVEL = "-Onone";
			};
			name = Debug;
		};
		949410A521EDC04C00FA6D2B /* Release */ = {
			isa = XCBuildConfiguration;
			buildSettings = {
				ALWAYS_SEARCH_USER_PATHS = NO;
				CLANG_ANALYZER_NONNULL = YES;
				CLANG_ANALYZER_NUMBER_OBJECT_CONVERSION = YES_AGGRESSIVE;
				CLANG_CXX_LANGUAGE_STANDARD = "gnu++14";
				CLANG_CXX_LIBRARY = "libc++";
				CLANG_ENABLE_MODULES = YES;
				CLANG_ENABLE_OBJC_ARC = YES;
				CLANG_ENABLE_OBJC_WEAK = YES;
				CLANG_WARN_BLOCK_CAPTURE_AUTORELEASING = YES;
				CLANG_WARN_BOOL_CONVERSION = YES;
				CLANG_WARN_COMMA = YES;
				CLANG_WARN_CONSTANT_CONVERSION = YES;
				CLANG_WARN_DEPRECATED_OBJC_IMPLEMENTATIONS = YES;
				CLANG_WARN_DIRECT_OBJC_ISA_USAGE = YES_ERROR;
				CLANG_WARN_DOCUMENTATION_COMMENTS = YES;
				CLANG_WARN_EMPTY_BODY = YES;
				CLANG_WARN_ENUM_CONVERSION = YES;
				CLANG_WARN_INFINITE_RECURSION = YES;
				CLANG_WARN_INT_CONVERSION = YES;
				CLANG_WARN_NON_LITERAL_NULL_CONVERSION = YES;
				CLANG_WARN_OBJC_IMPLICIT_RETAIN_SELF = YES;
				CLANG_WARN_OBJC_LITERAL_CONVERSION = YES;
				CLANG_WARN_OBJC_ROOT_CLASS = YES_ERROR;
				CLANG_WARN_RANGE_LOOP_ANALYSIS = YES;
				CLANG_WARN_STRICT_PROTOTYPES = YES;
				CLANG_WARN_SUSPICIOUS_MOVE = YES;
				CLANG_WARN_UNGUARDED_AVAILABILITY = YES_AGGRESSIVE;
				CLANG_WARN_UNREACHABLE_CODE = YES;
				CLANG_WARN__DUPLICATE_METHOD_MATCH = YES;
				CODE_SIGN_IDENTITY = "iPhone Developer";
				COPY_PHASE_STRIP = NO;
				DEBUG_INFORMATION_FORMAT = "dwarf-with-dsym";
				ENABLE_NS_ASSERTIONS = NO;
				ENABLE_STRICT_OBJC_MSGSEND = YES;
				GCC_C_LANGUAGE_STANDARD = gnu11;
				GCC_NO_COMMON_BLOCKS = YES;
				GCC_WARN_64_TO_32_BIT_CONVERSION = YES;
				GCC_WARN_ABOUT_RETURN_TYPE = YES_ERROR;
				GCC_WARN_UNDECLARED_SELECTOR = YES;
				GCC_WARN_UNINITIALIZED_AUTOS = YES_AGGRESSIVE;
				GCC_WARN_UNUSED_FUNCTION = YES;
				GCC_WARN_UNUSED_VARIABLE = YES;
				IPHONEOS_DEPLOYMENT_TARGET = 12.1;
				MTL_ENABLE_DEBUG_INFO = NO;
				MTL_FAST_MATH = YES;
				SDKROOT = iphoneos;
				SWIFT_COMPILATION_MODE = wholemodule;
				SWIFT_OPTIMIZATION_LEVEL = "-O";
				VALIDATE_PRODUCT = YES;
			};
			name = Release;
		};
		949410A721EDC04C00FA6D2B /* Debug */ = {
			isa = XCBuildConfiguration;
			baseConfigurationReference = 4A462F565F738E9529C7EB2D /* Pods-HHTestTask.debug.xcconfig */;
			buildSettings = {
				ASSETCATALOG_COMPILER_APPICON_NAME = AppIcon;
				CODE_SIGN_STYLE = Automatic;
				DEVELOPMENT_TEAM = X37P9Q6XJN;
				INFOPLIST_FILE = HHTestTask/Info.plist;
				IPHONEOS_DEPLOYMENT_TARGET = 10.0;
				LD_RUNPATH_SEARCH_PATHS = (
					"$(inherited)",
					"@executable_path/Frameworks",
				);
				PRODUCT_BUNDLE_IDENTIFIER = org.hopto.tolstikov.HHTestTask;
				PRODUCT_NAME = "$(TARGET_NAME)";
				SWIFT_VERSION = 4.2;
				TARGETED_DEVICE_FAMILY = 1;
			};
			name = Debug;
		};
		949410A821EDC04C00FA6D2B /* Release */ = {
			isa = XCBuildConfiguration;
			baseConfigurationReference = 49CB860BCBCF9DCBC51A98B0 /* Pods-HHTestTask.release.xcconfig */;
			buildSettings = {
				ASSETCATALOG_COMPILER_APPICON_NAME = AppIcon;
				CODE_SIGN_STYLE = Automatic;
				DEVELOPMENT_TEAM = X37P9Q6XJN;
				INFOPLIST_FILE = HHTestTask/Info.plist;
				IPHONEOS_DEPLOYMENT_TARGET = 10.0;
				LD_RUNPATH_SEARCH_PATHS = (
					"$(inherited)",
					"@executable_path/Frameworks",
				);
				PRODUCT_BUNDLE_IDENTIFIER = org.hopto.tolstikov.HHTestTask;
				PRODUCT_NAME = "$(TARGET_NAME)";
				SWIFT_VERSION = 4.2;
				TARGETED_DEVICE_FAMILY = 1;
			};
			name = Release;
		};
		949410AA21EDC04C00FA6D2B /* Debug */ = {
			isa = XCBuildConfiguration;
			baseConfigurationReference = 10282E18C1D36FD717DF2296 /* Pods-HHTestTaskTests.debug.xcconfig */;
			buildSettings = {
				ALWAYS_EMBED_SWIFT_STANDARD_LIBRARIES = YES;
				BUNDLE_LOADER = "$(TEST_HOST)";
				CODE_SIGN_STYLE = Automatic;
				DEVELOPMENT_TEAM = X37P9Q6XJN;
				INFOPLIST_FILE = HHTestTaskTests/Info.plist;
				LD_RUNPATH_SEARCH_PATHS = (
					"$(inherited)",
					"@executable_path/Frameworks",
					"@loader_path/Frameworks",
				);
				PRODUCT_BUNDLE_IDENTIFIER = org.hopto.tolstikov.HHTestTaskTests;
				PRODUCT_NAME = "$(TARGET_NAME)";
				SWIFT_VERSION = 4.2;
				TARGETED_DEVICE_FAMILY = "1,2";
				TEST_HOST = "$(BUILT_PRODUCTS_DIR)/HHTestTask.app/HHTestTask";
			};
			name = Debug;
		};
		949410AB21EDC04C00FA6D2B /* Release */ = {
			isa = XCBuildConfiguration;
			baseConfigurationReference = 9E44AB0C0F6AC4A9BC2D3018 /* Pods-HHTestTaskTests.release.xcconfig */;
			buildSettings = {
				ALWAYS_EMBED_SWIFT_STANDARD_LIBRARIES = YES;
				BUNDLE_LOADER = "$(TEST_HOST)";
				CODE_SIGN_STYLE = Automatic;
				DEVELOPMENT_TEAM = X37P9Q6XJN;
				INFOPLIST_FILE = HHTestTaskTests/Info.plist;
				LD_RUNPATH_SEARCH_PATHS = (
					"$(inherited)",
					"@executable_path/Frameworks",
					"@loader_path/Frameworks",
				);
				PRODUCT_BUNDLE_IDENTIFIER = org.hopto.tolstikov.HHTestTaskTests;
				PRODUCT_NAME = "$(TARGET_NAME)";
				SWIFT_VERSION = 4.2;
				TARGETED_DEVICE_FAMILY = "1,2";
				TEST_HOST = "$(BUILT_PRODUCTS_DIR)/HHTestTask.app/HHTestTask";
			};
			name = Release;
		};
/* End XCBuildConfiguration section */

/* Begin XCConfigurationList section */
		9494108421EDC04B00FA6D2B /* Build configuration list for PBXProject "HHTestTask" */ = {
			isa = XCConfigurationList;
			buildConfigurations = (
				949410A421EDC04C00FA6D2B /* Debug */,
				949410A521EDC04C00FA6D2B /* Release */,
			);
			defaultConfigurationIsVisible = 0;
			defaultConfigurationName = Release;
		};
		949410A621EDC04C00FA6D2B /* Build configuration list for PBXNativeTarget "HHTestTask" */ = {
			isa = XCConfigurationList;
			buildConfigurations = (
				949410A721EDC04C00FA6D2B /* Debug */,
				949410A821EDC04C00FA6D2B /* Release */,
			);
			defaultConfigurationIsVisible = 0;
			defaultConfigurationName = Release;
		};
		949410A921EDC04C00FA6D2B /* Build configuration list for PBXNativeTarget "HHTestTaskTests" */ = {
			isa = XCConfigurationList;
			buildConfigurations = (
				949410AA21EDC04C00FA6D2B /* Debug */,
				949410AB21EDC04C00FA6D2B /* Release */,
			);
			defaultConfigurationIsVisible = 0;
			defaultConfigurationName = Release;
		};
/* End XCConfigurationList section */
	};
	rootObject = 9494108121EDC04B00FA6D2B /* Project object */;
}
